
Microsoft Visual Studio Solution File, Format Version 12.00
# Visual Studio Version 17
VisualStudioVersion = 17.3.32922.545
MinimumVisualStudioVersion = 10.0.40219.1
Project("{9A19103F-16F7-4668-BE54-9A1E7A4F7556}") = "TEST", "TEST\TEST.csproj", "{9C4E4046-03ED-4F0A-89ED-C15FC9BCCEA9}"
EndProject
Project("{9A19103F-16F7-4668-BE54-9A1E7A4F7556}") = "TestProject1", "TestProject1\TestProject1.csproj", "{B88CE388-4D3B-4520-8FA4-04770D0D0B0F}"
EndProject
Project("{9A19103F-16F7-4668-BE54-9A1E7A4F7556}") = "CanLib", "CanLib\CanLib.csproj", "{BC60C1BE-903C-4FE4-9D4B-F823B6C9BAB8}"
EndProject
Global
	GlobalSection(SolutionConfigurationPlatforms) = preSolution
		Debug|Any CPU = Debug|Any CPU
		Release|Any CPU = Release|Any CPU
	EndGlobalSection
	GlobalSection(ProjectConfigurationPlatforms) = postSolution
		{9C4E4046-03ED-4F0A-89ED-C15FC9BCCEA9}.Debug|Any CPU.ActiveCfg = Debug|Any CPU
		{9C4E4046-03ED-4F0A-89ED-C15FC9BCCEA9}.Debug|Any CPU.Build.0 = Debug|Any CPU
		{9C4E4046-03ED-4F0A-89ED-C15FC9BCCEA9}.Release|Any CPU.ActiveCfg = Release|Any CPU
		{9C4E4046-03ED-4F0A-89ED-C15FC9BCCEA9}.Release|Any CPU.Build.0 = Release|Any CPU
		{B88CE388-4D3B-4520-8FA4-04770D0D0B0F}.Debug|Any CPU.ActiveCfg = Debug|Any CPU
		{B88CE388-4D3B-4520-8FA4-04770D0D0B0F}.Debug|Any CPU.Build.0 = Debug|Any CPU
		{B88CE388-4D3B-4520-8FA4-04770D0D0B0F}.Release|Any CPU.ActiveCfg = Release|Any CPU
		{B88CE388-4D3B-4520-8FA4-04770D0D0B0F}.Release|Any CPU.Build.0 = Release|Any CPU
		{BC60C1BE-903C-4FE4-9D4B-F823B6C9BAB8}.Debug|Any CPU.ActiveCfg = Debug|Any CPU
		{BC60C1BE-903C-4FE4-9D4B-F823B6C9BAB8}.Debug|Any CPU.Build.0 = Debug|Any CPU
		{BC60C1BE-903C-4FE4-9D4B-F823B6C9BAB8}.Release|Any CPU.ActiveCfg = Release|Any CPU
		{BC60C1BE-903C-4FE4-9D4B-F823B6C9BAB8}.Release|Any CPU.Build.0 = Release|Any CPU
	EndGlobalSection
	GlobalSection(SolutionProperties) = preSolution
		HideSolutionNode = FALSE
	EndGlobalSection
	GlobalSection(ExtensibilityGlobals) = postSolution
		SolutionGuid = {EB43BFC9-2EB8-469A-86CF-47836A9A5D0A}
	EndGlobalSection
EndGlobal
